{
  "name": "angular-hub",
  "lockfileVersion": 2,
  "requires": true,
  "packages": {
    "": {
      "dependencies": {
        "@angular/forms": "^15.1.3",
        "typescript": "^4.9.4"
      }
    },
    "node_modules/@angular/common": {
      "version": "15.1.3",
      "resolved": "https://registry.npmjs.org/@angular/common/-/common-15.1.3.tgz",
      "integrity": "sha512-UjC0COaOcU1g/ODBBetv/BpdaFC/Y32DvXJ9qbD7kkwLwoqCjGOLDvtP36r9zEzPmH7oNkgNGDkgR3gyb82s5A==",
      "peer": true,
      "dependencies": {
        "tslib": "^2.3.0"
      },
      "engines": {
        "node": "^14.20.0 || ^16.13.0 || >=18.10.0"
      },
      "peerDependencies": {
        "@angular/core": "15.1.3",
        "rxjs": "^6.5.3 || ^7.4.0"
      }
    },
    "node_modules/@angular/core": {
      "version": "15.1.3",
      "resolved": "https://registry.npmjs.org/@angular/core/-/core-15.1.3.tgz",
      "integrity": "sha512-rad9OYnaoRnXBztOBXsiD59VvOZTpsvO3sWx6KndytQFceFfkL722bF2l2LARN+R3IWDOwRap46HOtc0O0N+sw==",
      "peer": true,
      "dependencies": {
        "tslib": "^2.3.0"
      },
      "engines": {
        "node": "^14.20.0 || ^16.13.0 || >=18.10.0"
      },
      "peerDependencies": {
        "rxjs": "^6.5.3 || ^7.4.0",
        "zone.js": "~0.11.4 || ~0.12.0"
      }
    },
    "node_modules/@angular/forms": {
      "version": "15.1.3",
      "resolved": "https://registry.npmjs.org/@angular/forms/-/forms-15.1.3.tgz",
      "integrity": "sha512-vEgiZBk3rGGp4tBQHl9EaspEjYh70lkz6/zYreObTbMdCB54bkbl+jn+JbQyFj+TPfukiumtiG3/477vKzYnSg==",
      "dependencies": {
        "tslib": "^2.3.0"
      },
      "engines": {
        "node": "^14.20.0 || ^16.13.0 || >=18.10.0"
      },
      "peerDependencies": {
        "@angular/common": "15.1.3",
        "@angular/core": "15.1.3",
        "@angular/platform-browser": "15.1.3",
        "rxjs": "^6.5.3 || ^7.4.0"
      }
    },
    "node_modules/@angular/platform-browser": {
      "version": "15.1.3",
      "resolved": "https://registry.npmjs.org/@angular/platform-browser/-/platform-browser-15.1.3.tgz",
      "integrity": "sha512-WJBN3klssfcRGKY2L2DIpNGbaMQfi2X1le1ZXQAnsfECQ/pua+lFstJUT+RP+Bx4X8icuDggKkS/JPOiBhxARw==",
      "peer": true,
      "dependencies": {
        "tslib": "^2.3.0"
      },
      "engines": {
        "node": "^14.20.0 || ^16.13.0 || >=18.10.0"
      },
      "peerDependencies": {
        "@angular/animations": "15.1.3",
        "@angular/common": "15.1.3",
        "@angular/core": "15.1.3"
      },
      "peerDependenciesMeta": {
        "@angular/animations": {
          "optional": true
        }
      }
    },
    "node_modules/rxjs": {
      "version": "7.8.0",
      "resolved": "https://registry.npmjs.org/rxjs/-/rxjs-7.8.0.tgz",
      "integrity": "sha512-F2+gxDshqmIub1KdvZkaEfGDwLNpPvk9Fs6LD/MyQxNgMds/WH9OdDDXOmxUZpME+iSK3rQCctkL0DYyytUqMg==",
      "peer": true,
      "dependencies": {
        "tslib": "^2.1.0"
      }
    },
    "node_modules/tslib": {
      "version": "2.5.0",
      "resolved": "https://registry.npmjs.org/tslib/-/tslib-2.5.0.tgz",
      "integrity": "sha512-336iVw3rtn2BUK7ORdIAHTyxHGRIHVReokCR3XjbckJMK7ms8FysBfhLR8IXnAgy7T0PTPNBWKiH514FOW/WSg=="
    },
    "node_modules/typescript": {
      "version": "4.9.4",
      "resolved": "https://registry.npmjs.org/typescript/-/typescript-4.9.4.tgz",
      "integrity": "sha512-Uz+dTXYzxXXbsFpM86Wh3dKCxrQqUcVMxwU54orwlJjOpO3ao8L7j5lH+dWfTwgCwIuM9GQ2kvVotzYJMXTBZg==",
      "bin": {
        "tsc": "bin/tsc",
        "tsserver": "bin/tsserver"
      },
      "engines": {
        "node": ">=4.2.0"
      }
    },
    "node_modules/zone.js": {
      "version": "0.12.0",
      "resolved": "https://registry.npmjs.org/zone.js/-/zone.js-0.12.0.tgz",
      "integrity": "sha512-XtC+I5dXU14HrzidAKBNMqneIVUykLEAA1x+v4KVrd6AUPWlwYORF8KgsVqvgdHiKZ4BkxxjvYi/ksEixTPR0Q==",
      "peer": true,
      "dependencies": {
        "tslib": "^2.3.0"
      }
    }
  },
  "dependencies": {
    "@angular/common": {
      "version": "15.1.3",
      "resolved": "https://registry.npmjs.org/@angular/common/-/common-15.1.3.tgz",
      "integrity": "sha512-UjC0COaOcU1g/ODBBetv/BpdaFC/Y32DvXJ9qbD7kkwLwoqCjGOLDvtP36r9zEzPmH7oNkgNGDkgR3gyb82s5A==",
      "peer": true,
      "requires": {
        "tslib": "^2.3.0"
      }
    },
    "@angular/core": {
      "version": "15.1.3",
      "resolved": "https://registry.npmjs.org/@angular/core/-/core-15.1.3.tgz",
      "integrity": "sha512-rad9OYnaoRnXBztOBXsiD59VvOZTpsvO3sWx6KndytQFceFfkL722bF2l2LARN+R3IWDOwRap46HOtc0O0N+sw==",
      "peer": true,
      "requires": {
        "tslib": "^2.3.0"
      }
    },
    "@angular/forms": {
      "version": "15.1.3",
      "resolved": "https://registry.npmjs.org/@angular/forms/-/forms-15.1.3.tgz",
      "integrity": "sha512-vEgiZBk3rGGp4tBQHl9EaspEjYh70lkz6/zYreObTbMdCB54bkbl+jn+JbQyFj+TPfukiumtiG3/477vKzYnSg==",
      "requires": {
        "tslib": "^2.3.0"
      }
    },
    "@angular/platform-browser": {
      "version": "15.1.3",
      "resolved": "https://registry.npmjs.org/@angular/platform-browser/-/platform-browser-15.1.3.tgz",
      "integrity": "sha512-WJBN3klssfcRGKY2L2DIpNGbaMQfi2X1le1ZXQAnsfECQ/pua+lFstJUT+RP+Bx4X8icuDggKkS/JPOiBhxARw==",
      "peer": true,
      "requires": {
        "tslib": "^2.3.0"
      }
    },
    "rxjs": {
      "version": "7.8.0",
      "resolved": "https://registry.npmjs.org/rxjs/-/rxjs-7.8.0.tgz",
      "integrity": "sha512-F2+gxDshqmIub1KdvZkaEfGDwLNpPvk9Fs6LD/MyQxNgMds/WH9OdDDXOmxUZpME+iSK3rQCctkL0DYyytUqMg==",
      "peer": true,
      "requires": {
        "tslib": "^2.1.0"
      }
    },
    "tslib": {
      "version": "2.5.0",
      "resolved": "https://registry.npmjs.org/tslib/-/tslib-2.5.0.tgz",
      "integrity": "sha512-336iVw3rtn2BUK7ORdIAHTyxHGRIHVReokCR3XjbckJMK7ms8FysBfhLR8IXnAgy7T0PTPNBWKiH514FOW/WSg=="
    },
    "typescript": {
      "version": "4.9.4",
      "resolved": "https://registry.npmjs.org/typescript/-/typescript-4.9.4.tgz",
      "integrity": "sha512-Uz+dTXYzxXXbsFpM86Wh3dKCxrQqUcVMxwU54orwlJjOpO3ao8L7j5lH+dWfTwgCwIuM9GQ2kvVotzYJMXTBZg=="
    },
    "zone.js": {
      "version": "0.12.0",
      "resolved": "https://registry.npmjs.org/zone.js/-/zone.js-0.12.0.tgz",
      "integrity": "sha512-XtC+I5dXU14HrzidAKBNMqneIVUykLEAA1x+v4KVrd6AUPWlwYORF8KgsVqvgdHiKZ4BkxxjvYi/ksEixTPR0Q==",
      "peer": true,
      "requires": {
        "tslib": "^2.3.0"
      }
    }
  }
}
